
Microsoft Visual Studio Solution File, Format Version 12.00
# Visual Studio Version 17
VisualStudioVersion = 17.2.32519.379
MinimumVisualStudioVersion = 10.0.40219.1
Project("{9A19103F-16F7-4668-BE54-9A1E7A4F7556}") = "GeradorSenha", "primeiro\GeradorSenha.csproj", "{1CCCD85C-97F4-4DAA-A67D-430B0F01A1B2}"
EndProject
Global
	GlobalSection(SolutionConfigurationPlatforms) = preSolution
		Debug|Any CPU = Debug|Any CPU
		Release|Any CPU = Release|Any CPU
	EndGlobalSection
	GlobalSection(ProjectConfigurationPlatforms) = postSolution
		{1CCCD85C-97F4-4DAA-A67D-430B0F01A1B2}.Debug|Any CPU.ActiveCfg = Debug|Any CPU
		{1CCCD85C-97F4-4DAA-A67D-430B0F01A1B2}.Debug|Any CPU.Build.0 = Debug|Any CPU
		{1CCCD85C-97F4-4DAA-A67D-430B0F01A1B2}.Release|Any CPU.ActiveCfg = Release|Any CPU
		{1CCCD85C-97F4-4DAA-A67D-430B0F01A1B2}.Release|Any CPU.Build.0 = Release|Any CPU
	EndGlobalSection
	GlobalSection(SolutionProperties) = preSolution
		HideSolutionNode = FALSE
	EndGlobalSection
	GlobalSection(ExtensibilityGlobals) = postSolution
		SolutionGuid = {25449369-23D5-45B0-964F-8B3997459BEF}
	EndGlobalSection
EndGlobal
